{
  "meteor": {},
  "dependencies": {
    "basePackages": {
      "iron-router": {},
      "font-awesome": {},
      "leaflet": {},
      "sass": {},
      "simple-schema": {},
      "accounts-auth0": {},
      "autoform": {},
      "npm": {},
      "Geolocation": {},
      "geocoder": {},
      "server-session": {},
      "voltage": {},
      "bootstrap-3": {}
    },
    "packages": {
      "iron-router": {
        "git": "https://github.com/EventedMind/iron-router.git",
        "tag": "v0.7.1",
        "commit": "d1ffb3f06ea4c112132b030f2eb1a70b81675ecb"
      },
      "font-awesome": {
        "git": "https://github.com/nate-strauser/meteor-font-awesome.git",
        "tag": "v4.1.0",
        "commit": "ce6b1e92715d1938babc5d69c655c17e387f5926"
      },
      "leaflet": {
        "git": "https://github.com/bevanhunt/meteor-leaflet.git",
        "tag": "v0.3.8",
        "commit": "84caaa2e8aac1c7f7b585a6b64163a1de406add4"
      },
      "sass": {
        "git": "https://github.com/particle4dev/meteor-sass.git",
        "tag": "v0.1.7",
        "commit": "b41757f87475186b1485ec54a819d6e027ee3d88"
      },
      "simple-schema": {
        "git": "https://github.com/aldeed/meteor-simple-schema.git",
        "tag": "v0.6.0",
        "commit": "418ec496612fb2afc853e342f0d2269b6674a2fe"
      },
      "accounts-auth0": {
        "git": "https://github.com/auth0/meteor-accounts-auth0.git",
        "tag": "v0.0.2",
        "commit": "75b782d6f0341417af2396d0357dd55a6462c442"
      },
      "autoform": {
        "git": "https://github.com/aldeed/meteor-autoform.git",
        "tag": "v0.15.2",
        "commit": "112f2bc5e4961929cffcc671d5435cdc12974311"
      },
      "npm": {
        "git": "https://github.com/arunoda/meteor-npm.git",
        "tag": "v0.2.6",
        "commit": "177ab6118de5bf8cffb19481343d5762ff7a2aaf"
      },
      "Geolocation": {
        "git": "https://github.com/hculap/geolocation.git",
        "tag": "v0.1.0",
        "commit": "17485d2e08301febefafda5997f803d4ac971bdb"
      },
      "geocoder": {
        "git": "https://github.com/aldeed/meteor-geocoder.git",
        "tag": "v0.2.0",
        "commit": "788b7eb97b3a481ca1d298bc2849fa6b624412f9"
      },
      "server-session": {
        "git": "https://github.com/matteodem/meteor-server-session.git",
        "tag": "v0.4.1",
        "commit": "c07427304f099f837991e5def23bce4a5cfa9054"
      },
      "voltage": {
        "git": "https://github.com/Differential/meteor-voltage.git",
        "tag": "v0.1.3",
        "commit": "8e40babeb544948af729818dc3c2b3d1124a90f9"
      },
      "bootstrap-3": {
        "git": "https://github.com/mangasocial/meteor-bootstrap-3.git",
        "tag": "v3.2.0-1",
        "commit": "17a63902fc6cf1096c5289d963c66cf28b474727"
      },
      "blaze-layout": {
        "git": "https://github.com/EventedMind/blaze-layout.git",
        "tag": "v0.2.4",
        "commit": "b40e9b0612329288d75cf52ad14a7da64bb8618f"
      },
      "auth0": {
        "git": "https://github.com/auth0/meteor-auth0.git",
        "tag": "v0.0.2",
        "commit": "48b9470e7851e9968e0e8e904bdd6c7168286301"
      },
      "collection2": {
        "git": "https://github.com/aldeed/meteor-collection2.git",
        "tag": "v0.4.2",
        "commit": "4ff4b707bec8be434919730bf101325adb215444"
      },
      "moment": {
        "git": "https://github.com/acreeger/meteor-moment.git",
        "tag": "v2.6.0",
        "commit": "26156df681750fd6e6ed77043eef32b6653ebbdf"
      },
      "minimongoid": {
        "git": "https://github.com/Exygy/minimongoid.git",
        "tag": "v0.8.3",
        "commit": "8a4849426f1775f9886f303067e50877696fae43"
      },
      "roles": {
        "git": "https://github.com/alanning/meteor-roles.git",
        "tag": "v1.2.10",
        "commit": "7ccb35de0a6cb0c9a0c3666badd04757e39c09a6"
      },
      "marked": {
        "git": "https://github.com/chuangbo/meteor-marked.git",
        "tag": "v0.3.2",
        "commit": "850f63135cdeb05344c420bd586fd8af9cab75df"
      },
      "ace-embed": {
        "git": "https://github.com/stuartfenton/meteor-ace-embed.git",
        "tag": "v0.0.4",
        "commit": "027b0e1b0d06111b51a713f04a8b8750fdcbd289"
      },
      "underscore-string-latest": {
        "git": "https://github.com/TimHeckel/meteor-underscore-string.git",
        "tag": "v2.3.3",
        "commit": "4a5d70eee48fbd90a6e6fc78747250d704a0b3bb"
      }
    }
  }
}
